
Microsoft Visual Studio Solution File, Format Version 12.00
# Visual Studio 14
VisualStudioVersion = 14.0.23107.0
MinimumVisualStudioVersion = 10.0.40219.1
Project("{8BC9CEB8-8B4A-11D0-8D11-00A0C91BC942}") = "ConsoleApplication1", "ConsoleApplication1\ConsoleApplication1.vcxproj", "{24E2F7E4-3F6A-4EF6-BFD0-C91949829372}"
EndProject
Project("{FAE04EC0-301F-11D3-BF4B-00C04F79EFBC}") = "sdk", "sdk\sdk.csproj", "{B284AE38-CED0-4969-8445-43F6DBA9366D}"
EndProject
Project("{8BC9CEB8-8B4A-11D0-8D11-00A0C91BC942}") = "GameDll", "GameDll\GameDll.vcxproj", "{D052D9ED-D86D-47FC-8C0F-442E6B2E5F2A}"
EndProject
Global
	GlobalSection(SolutionConfigurationPlatforms) = preSolution
		Debug|Any CPU = Debug|Any CPU
		Debug|x64 = Debug|x64
		Debug|x86 = Debug|x86
		Release|Any CPU = Release|Any CPU
		Release|x64 = Release|x64
		Release|x86 = Release|x86
	EndGlobalSection
	GlobalSection(ProjectConfigurationPlatforms) = postSolution
		{24E2F7E4-3F6A-4EF6-BFD0-C91949829372}.Debug|Any CPU.ActiveCfg = Debug|Win32
		{24E2F7E4-3F6A-4EF6-BFD0-C91949829372}.Debug|x64.ActiveCfg = Debug|x64
		{24E2F7E4-3F6A-4EF6-BFD0-C91949829372}.Debug|x64.Build.0 = Debug|x64
		{24E2F7E4-3F6A-4EF6-BFD0-C91949829372}.Debug|x86.ActiveCfg = Debug|Win32
		{24E2F7E4-3F6A-4EF6-BFD0-C91949829372}.Debug|x86.Build.0 = Debug|Win32
		{24E2F7E4-3F6A-4EF6-BFD0-C91949829372}.Release|Any CPU.ActiveCfg = Release|Win32
		{24E2F7E4-3F6A-4EF6-BFD0-C91949829372}.Release|x64.ActiveCfg = Release|x64
		{24E2F7E4-3F6A-4EF6-BFD0-C91949829372}.Release|x64.Build.0 = Release|x64
		{24E2F7E4-3F6A-4EF6-BFD0-C91949829372}.Release|x86.ActiveCfg = Release|Win32
		{24E2F7E4-3F6A-4EF6-BFD0-C91949829372}.Release|x86.Build.0 = Release|Win32
		{B284AE38-CED0-4969-8445-43F6DBA9366D}.Debug|Any CPU.ActiveCfg = Debug|Any CPU
		{B284AE38-CED0-4969-8445-43F6DBA9366D}.Debug|Any CPU.Build.0 = Debug|Any CPU
		{B284AE38-CED0-4969-8445-43F6DBA9366D}.Debug|x64.ActiveCfg = Debug|x64
		{B284AE38-CED0-4969-8445-43F6DBA9366D}.Debug|x64.Build.0 = Debug|x64
		{B284AE38-CED0-4969-8445-43F6DBA9366D}.Debug|x86.ActiveCfg = Debug|Any CPU
		{B284AE38-CED0-4969-8445-43F6DBA9366D}.Debug|x86.Build.0 = Debug|Any CPU
		{B284AE38-CED0-4969-8445-43F6DBA9366D}.Release|Any CPU.ActiveCfg = Release|Any CPU
		{B284AE38-CED0-4969-8445-43F6DBA9366D}.Release|Any CPU.Build.0 = Release|Any CPU
		{B284AE38-CED0-4969-8445-43F6DBA9366D}.Release|x64.ActiveCfg = Release|Any CPU
		{B284AE38-CED0-4969-8445-43F6DBA9366D}.Release|x64.Build.0 = Release|Any CPU
		{B284AE38-CED0-4969-8445-43F6DBA9366D}.Release|x86.ActiveCfg = Release|Any CPU
		{B284AE38-CED0-4969-8445-43F6DBA9366D}.Release|x86.Build.0 = Release|Any CPU
		{D052D9ED-D86D-47FC-8C0F-442E6B2E5F2A}.Debug|Any CPU.ActiveCfg = Debug|Win32
		{D052D9ED-D86D-47FC-8C0F-442E6B2E5F2A}.Debug|x64.ActiveCfg = Debug|x64
		{D052D9ED-D86D-47FC-8C0F-442E6B2E5F2A}.Debug|x64.Build.0 = Debug|x64
		{D052D9ED-D86D-47FC-8C0F-442E6B2E5F2A}.Debug|x86.ActiveCfg = Debug|Win32
		{D052D9ED-D86D-47FC-8C0F-442E6B2E5F2A}.Debug|x86.Build.0 = Debug|Win32
		{D052D9ED-D86D-47FC-8C0F-442E6B2E5F2A}.Release|Any CPU.ActiveCfg = Release|Win32
		{D052D9ED-D86D-47FC-8C0F-442E6B2E5F2A}.Release|x64.ActiveCfg = Release|x64
		{D052D9ED-D86D-47FC-8C0F-442E6B2E5F2A}.Release|x64.Build.0 = Release|x64
		{D052D9ED-D86D-47FC-8C0F-442E6B2E5F2A}.Release|x86.ActiveCfg = Release|Win32
		{D052D9ED-D86D-47FC-8C0F-442E6B2E5F2A}.Release|x86.Build.0 = Release|Win32
	EndGlobalSection
	GlobalSection(SolutionProperties) = preSolution
		HideSolutionNode = FALSE
	EndGlobalSection
EndGlobal
